<?xml version="1.0" encoding="utf-8"?>
<Project ToolsVersion="4.0" xmlns="http://schemas.microsoft.com/developer/msbuild/2003">
  <ItemGroup>
    <Filter Include="ソース ファイル">
      <UniqueIdentifier>{4FC737F1-C7A5-4376-A066-2A32D752A2FF}</UniqueIdentifier>
      <Extensions>cpp;c;cc;cxx;c++;cppm;ixx;def;odl;idl;hpj;bat;asm;asmx</Extensions>
    </Filter>
    <Filter Include="ヘッダー ファイル">
      <UniqueIdentifier>{93995380-89BD-4b04-88EB-625FBE52EBFB}</UniqueIdentifier>
      <Extensions>h;hh;hpp;hxx;h++;hm;inl;inc;ipp;xsd</Extensions>
    </Filter>
    <Filter Include="リソース ファイル">
      <UniqueIdentifier>{67DA6AB6-F800-4c08-8B7A-83BB121AAD01}</UniqueIdentifier>
      <Extensions>rc;ico;cur;bmp;dlg;rc2;rct;bin;rgs;gif;jpg;jpeg;jpe;resx;tiff;tif;png;wav;mfcribbon-ms</Extensions>
    </Filter>
    <Filter Include="ソース ファイル\System">
      <UniqueIdentifier>{94ff0cfe-1b08-4aee-85f1-d217b760662c}</UniqueIdentifier>
    </Filter>
    <Filter Include="ヘッダー ファイル\System">
      <UniqueIdentifier>{091a1188-8680-4f25-8b34-9f8049a88067}</UniqueIdentifier>
    </Filter>
    <Filter Include="ヘッダー ファイル\GameObject">
      <UniqueIdentifier>{f25d976d-f754-43be-ab49-e70cb49f34c0}</UniqueIdentifier>
    </Filter>
    <Filter Include="ソース ファイル\GameObject">
      <UniqueIdentifier>{79453d82-e6e5-4cf2-aa17-d77d80a8beec}</UniqueIdentifier>
    </Filter>
    <Filter Include="ヘッダー ファイル\Manager">
      <UniqueIdentifier>{505e19fe-31b8-4344-b509-435a21e58b8c}</UniqueIdentifier>
    </Filter>
    <Filter Include="ソース ファイル\Manager">
      <UniqueIdentifier>{cedfe7cc-723e-49e6-8cdf-d5b3f1e4ba15}</UniqueIdentifier>
    </Filter>
    <Filter Include="ヘッダー ファイル\Scene">
      <UniqueIdentifier>{d8560a83-105b-4c99-a77d-72ae3c59a5f2}</UniqueIdentifier>
    </Filter>
    <Filter Include="ソース ファイル\Scene">
      <UniqueIdentifier>{c2720840-8657-4306-83af-4d406c3094d3}</UniqueIdentifier>
    </Filter>
    <Filter Include="ヘッダー ファイル\Interface">
      <UniqueIdentifier>{7a40d8ad-28f1-416d-9180-848ed63a127e}</UniqueIdentifier>
    </Filter>
    <Filter Include="ヘッダー ファイル\Enum">
      <UniqueIdentifier>{ce88d1f1-cd97-468d-a2c7-e5aee70959d6}</UniqueIdentifier>
    </Filter>
    <Filter Include="ソース ファイル\GameObject\Abstract">
      <UniqueIdentifier>{07b52b13-ae2e-43e7-839d-5739d21c7822}</UniqueIdentifier>
    </Filter>
    <Filter Include="ヘッダー ファイル\GameObject\Abstract">
      <UniqueIdentifier>{1d84316f-8c24-4ee7-b029-45715c1d5706}</UniqueIdentifier>
    </Filter>
    <Filter Include="ヘッダー ファイル\ResourceManager">
      <UniqueIdentifier>{bde95abe-0a4d-416d-a405-ba3d7fa36de1}</UniqueIdentifier>
    </Filter>
    <Filter Include="ソース ファイル\ResourceManager">
      <UniqueIdentifier>{b353c238-4698-4a3e-8e1e-adc1a4d613b3}</UniqueIdentifier>
    </Filter>
    <Filter Include="JSON">
      <UniqueIdentifier>{23c00338-6021-4be4-aeb5-011e9073bc1a}</UniqueIdentifier>
    </Filter>
    <Filter Include="ヘッダー ファイル\Struct">
      <UniqueIdentifier>{1d60cf56-6d50-4e88-a2ea-f0774995d888}</UniqueIdentifier>
    </Filter>
    <Filter Include="Bullet">
      <UniqueIdentifier>{9b226037-4fea-4dc1-8c43-f852531c5d74}</UniqueIdentifier>
    </Filter>
    <Filter Include="Bullet\Behaviors">
      <UniqueIdentifier>{1c857e91-881f-4a6c-8cd9-49c0b56cc364}</UniqueIdentifier>
    </Filter>
    <Filter Include="Bullet\BulletCommand">
      <UniqueIdentifier>{e59aa20e-eb96-4cec-9369-450108c8c9e5}</UniqueIdentifier>
    </Filter>
    <Filter Include="Utilities">
      <UniqueIdentifier>{d7b32b20-8edf-4be3-847e-f35fbc09ea63}</UniqueIdentifier>
    </Filter>
    <Filter Include="ヘッダー ファイル\Data">
      <UniqueIdentifier>{1bb455e4-2cff-4baf-b39b-0a04aa661683}</UniqueIdentifier>
    </Filter>
  </ItemGroup>
  <ItemGroup>
    <ClCompile Include="main.cpp">
      <Filter>ソース ファイル</Filter>
    </ClCompile>
    <ClCompile Include="Error.cpp">
      <Filter>ソース ファイル\System</Filter>
    </ClCompile>
    <ClCompile Include="Fps.cpp">
      <Filter>ソース ファイル\System</Filter>
    </ClCompile>
    <ClCompile Include="SystemMain.cpp">
      <Filter>ソース ファイル\System</Filter>
    </ClCompile>
    <ClCompile Include="Keyboard.cpp">
      <Filter>ソース ファイル\System</Filter>
    </ClCompile>
    <ClCompile Include="Define.cpp">
      <Filter>ソース ファイル\System</Filter>
    </ClCompile>
    <ClCompile Include="Parameter.cpp">
      <Filter>ソース ファイル</Filter>
    </ClCompile>
    <ClCompile Include="RectangleObject.cpp">
      <Filter>ソース ファイル\GameObject\Abstract</Filter>
    </ClCompile>
    <ClCompile Include="ShapeObject.cpp">
      <Filter>ソース ファイル\GameObject\Abstract</Filter>
    </ClCompile>
    <ClCompile Include="CircleObject.cpp">
      <Filter>ソース ファイル\GameObject\Abstract</Filter>
    </ClCompile>
    <ClCompile Include="Ball.cpp">
      <Filter>ソース ファイル\GameObject</Filter>
    </ClCompile>
    <ClCompile Include="Block.cpp">
      <Filter>ソース ファイル\GameObject</Filter>
    </ClCompile>
    <ClCompile Include="Player.cpp">
      <Filter>ソース ファイル\GameObject</Filter>
    </ClCompile>
    <ClCompile Include="Segment.cpp">
      <Filter>ソース ファイル\System</Filter>
    </ClCompile>
    <ClCompile Include="BlockMgr.cpp">
      <Filter>ソース ファイル\Manager</Filter>
    </ClCompile>
    <ClCompile Include="Choices.cpp">
      <Filter>ソース ファイル\System</Filter>
    </ClCompile>
    <ClCompile Include="BulletMgr.cpp">
      <Filter>ソース ファイル\Manager</Filter>
    </ClCompile>
    <ClCompile Include="ColMgr.cpp">
      <Filter>ソース ファイル\Manager</Filter>
    </ClCompile>
    <ClCompile Include="GameMgr.cpp">
      <Filter>ソース ファイル\Manager</Filter>
    </ClCompile>
    <ClCompile Include="TitleScene.cpp">
      <Filter>ソース ファイル\Scene</Filter>
    </ClCompile>
    <ClCompile Include="GameScene.cpp">
      <Filter>ソース ファイル\Scene</Filter>
    </ClCompile>
    <ClCompile Include="StageScene1.cpp">
      <Filter>ソース ファイル\Scene</Filter>
    </ClCompile>
    <ClCompile Include="Vector2.cpp">
      <Filter>ソース ファイル\System</Filter>
    </ClCompile>
    <ClCompile Include="Looper.cpp">
      <Filter>ソース ファイル\System</Filter>
    </ClCompile>
    <ClCompile Include="AbstractScene.cpp">
      <Filter>ソース ファイル\Scene</Filter>
    </ClCompile>
    <ClCompile Include="Task.cpp">
      <Filter>ソース ファイル</Filter>
    </ClCompile>
    <ClCompile Include="ImageManager.cpp">
      <Filter>ソース ファイル\ResourceManager</Filter>
    </ClCompile>
    <ClCompile Include="SoundManager.cpp">
      <Filter>ソース ファイル\ResourceManager</Filter>
    </ClCompile>
    <ClCompile Include="ResourceLoader.cpp">
      <Filter>ソース ファイル\ResourceManager</Filter>
    </ClCompile>
    <ClCompile Include="ResourceID.cpp">
      <Filter>ソース ファイル\ResourceManager</Filter>
    </ClCompile>
    <ClCompile Include="Stage1Script.cpp">
      <Filter>ソース ファイル</Filter>
    </ClCompile>
    <ClCompile Include="StageScriptLoader.cpp">
      <Filter>ソース ファイル</Filter>
    </ClCompile>
    <ClCompile Include="Bullet.cpp">
      <Filter>Bullet</Filter>
    </ClCompile>
    <ClCompile Include="BulletEvent.h">
      <Filter>ヘッダー ファイル\Struct</Filter>
    </ClCompile>
    <ClCompile Include="StraightBehavior.cpp">
      <Filter>Bullet\Behaviors</Filter>
    </ClCompile>
    <ClCompile Include="SinBehavior.cpp">
      <Filter>Bullet\Behaviors</Filter>
    </ClCompile>
    <ClCompile Include="SpiralBehavior.cpp">
      <Filter>Bullet\Behaviors</Filter>
    </ClCompile>
    <ClCompile Include="GravityBehavior.cpp">
      <Filter>Bullet\Behaviors</Filter>
    </ClCompile>
    <ClCompile Include="WeierstrassBehavior.cpp">
      <Filter>Bullet\Behaviors</Filter>
    </ClCompile>
    <ClCompile Include="OmniShotCommand.cpp">
      <Filter>Bullet\BulletCommand</Filter>
    </ClCompile>
    <ClCompile Include="OmniSpiralCommand.cpp">
      <Filter>Bullet\BulletCommand</Filter>
    </ClCompile>
    <ClCompile Include="CommandFactory.cpp">
      <Filter>Bullet\BulletCommand</Filter>
    </ClCompile>
    <ClCompile Include="ComplexTransform.cpp">
      <Filter>ソース ファイル</Filter>
    </ClCompile>
    <ClCompile Include="ExprEval.cpp">
      <Filter>Utilities</Filter>
    </ClCompile>
    <ClCompile Include="include\tinyexpr-master\tinyexpr.c">
      <Filter>Utilities</Filter>
    </ClCompile>
    <ClCompile Include="CalcUtils.cpp">
      <Filter>Utilities</Filter>
    </ClCompile>
    <ClCompile Include="Gui.cpp">
      <Filter>ソース ファイル</Filter>
    </ClCompile>
    <ClCompile Include="AbstractItem.cpp">
      <Filter>ソース ファイル\GameObject\Abstract</Filter>
    </ClCompile>
    <ClCompile Include="BombItem.cpp">
      <Filter>ソース ファイル\GameObject</Filter>
    </ClCompile>
    <ClCompile Include="ItemMgr.cpp">
      <Filter>ソース ファイル\Manager</Filter>
    </ClCompile>
    <ClCompile Include="PowerItem.cpp">
      <Filter>ソース ファイル\GameObject</Filter>
    </ClCompile>
    <ClCompile Include="ScoreItem.cpp">
      <Filter>ソース ファイル\GameObject</Filter>
    </ClCompile>
    <ClCompile Include="ScoreItemToPlayer.cpp">
      <Filter>ソース ファイル\GameObject</Filter>
    </ClCompile>
    <ClCompile Include="AbstractStageScene.cpp">
      <Filter>ソース ファイル\Scene</Filter>
    </ClCompile>
    <ClCompile Include="DialogueScriptLoader.cpp">
      <Filter>ソース ファイル</Filter>
    </ClCompile>
  </ItemGroup>
  <ItemGroup>
    <ClInclude Include="Singleton.h">
      <Filter>ヘッダー ファイル</Filter>
    </ClInclude>
    <ClInclude Include="Error.h">
      <Filter>ヘッダー ファイル\System</Filter>
    </ClInclude>
    <ClInclude Include="Fps.h">
      <Filter>ヘッダー ファイル\System</Filter>
    </ClInclude>
    <ClInclude Include="Macro.h">
      <Filter>ヘッダー ファイル\System</Filter>
    </ClInclude>
    <ClInclude Include="SystemMain.h">
      <Filter>ヘッダー ファイル\System</Filter>
    </ClInclude>
    <ClInclude Include="Keyboard.h">
      <Filter>ヘッダー ファイル\System</Filter>
    </ClInclude>
    <ClInclude Include="Define.h">
      <Filter>ヘッダー ファイル\System</Filter>
    </ClInclude>
    <ClInclude Include="Looper.h">
      <Filter>ヘッダー ファイル</Filter>
    </ClInclude>
    <ClInclude Include="Parameter.h">
      <Filter>ヘッダー ファイル</Filter>
    </ClInclude>
    <ClInclude Include="CircleObject.h">
      <Filter>ヘッダー ファイル\GameObject\Abstract</Filter>
    </ClInclude>
    <ClInclude Include="RectangleObject.h">
      <Filter>ヘッダー ファイル\GameObject\Abstract</Filter>
    </ClInclude>
    <ClInclude Include="ShapeObject.h">
      <Filter>ヘッダー ファイル\GameObject\Abstract</Filter>
    </ClInclude>
    <ClInclude Include="Ball.h">
      <Filter>ヘッダー ファイル\GameObject</Filter>
    </ClInclude>
    <ClInclude Include="Block.h">
      <Filter>ヘッダー ファイル\GameObject</Filter>
    </ClInclude>
    <ClInclude Include="Player.h">
      <Filter>ヘッダー ファイル\GameObject</Filter>
    </ClInclude>
    <ClInclude Include="Vector2.h">
      <Filter>ヘッダー ファイル\System</Filter>
    </ClInclude>
    <ClInclude Include="Segment.h">
      <Filter>ヘッダー ファイル\System</Filter>
    </ClInclude>
    <ClInclude Include="BlockMgr.h">
      <Filter>ヘッダー ファイル\Manager</Filter>
    </ClInclude>
    <ClInclude Include="BulletMgr.h">
      <Filter>ヘッダー ファイル\Manager</Filter>
    </ClInclude>
    <ClInclude Include="ColMgr.h">
      <Filter>ヘッダー ファイル\Manager</Filter>
    </ClInclude>
    <ClInclude Include="Choices.h">
      <Filter>ヘッダー ファイル\System</Filter>
    </ClInclude>
    <ClInclude Include="GameMgr.h">
      <Filter>ヘッダー ファイル\Manager</Filter>
    </ClInclude>
    <ClInclude Include="GameScene.h">
      <Filter>ヘッダー ファイル\Scene</Filter>
    </ClInclude>
    <ClInclude Include="TitleScene.h">
      <Filter>ヘッダー ファイル\Scene</Filter>
    </ClInclude>
    <ClInclude Include="StageScene1.h">
      <Filter>ヘッダー ファイル\Scene</Filter>
    </ClInclude>
    <ClInclude Include="ISceneChangedListener.h">
      <Filter>ヘッダー ファイル\Interface</Filter>
    </ClInclude>
    <ClInclude Include="IInstanceDeleteListener.h">
      <Filter>ヘッダー ファイル\Interface</Filter>
    </ClInclude>
    <ClInclude Include="eBulletSize.h">
      <Filter>ヘッダー ファイル\Enum</Filter>
    </ClInclude>
    <ClInclude Include="eScene.h">
      <Filter>ヘッダー ファイル\Enum</Filter>
    </ClInclude>
    <ClInclude Include="AbstractScene.h">
      <Filter>ヘッダー ファイル\Scene</Filter>
    </ClInclude>
    <ClInclude Include="Task.h">
      <Filter>ヘッダー ファイル</Filter>
    </ClInclude>
    <ClInclude Include="IGameLifecycleHandler.h">
      <Filter>ヘッダー ファイル\Interface</Filter>
    </ClInclude>
    <ClInclude Include="ImageManager.h">
      <Filter>ヘッダー ファイル\ResourceManager</Filter>
    </ClInclude>
    <ClInclude Include="IResourceManager.h">
      <Filter>ヘッダー ファイル\ResourceManager</Filter>
    </ClInclude>
    <ClInclude Include="SoundManager.h">
      <Filter>ヘッダー ファイル\ResourceManager</Filter>
    </ClInclude>
    <ClInclude Include="ResourceLoader.h">
      <Filter>ヘッダー ファイル\ResourceManager</Filter>
    </ClInclude>
    <ClInclude Include="ResourceID.h">
      <Filter>ヘッダー ファイル\ResourceManager</Filter>
    </ClInclude>
    <ClInclude Include="StageScriptBase.h">
      <Filter>ヘッダー ファイル</Filter>
    </ClInclude>
    <ClInclude Include="Stage1Script.h">
      <Filter>ヘッダー ファイル</Filter>
    </ClInclude>
    <ClInclude Include="StageScriptLoader.h">
      <Filter>ヘッダー ファイル</Filter>
    </ClInclude>
    <ClInclude Include="Bullet.h">
      <Filter>Bullet</Filter>
    </ClInclude>
    <ClInclude Include="IBulletBehavior.h">
      <Filter>Bullet\Behaviors</Filter>
    </ClInclude>
    <ClInclude Include="StraightBehavior.h">
      <Filter>Bullet\Behaviors</Filter>
    </ClInclude>
    <ClInclude Include="SinBehavior.h">
      <Filter>Bullet\Behaviors</Filter>
    </ClInclude>
    <ClInclude Include="SpiralBehavior.h">
      <Filter>Bullet\Behaviors</Filter>
    </ClInclude>
    <ClInclude Include="GravityBehavior.h">
      <Filter>Bullet\Behaviors</Filter>
    </ClInclude>
    <ClInclude Include="WeierstrassBehavior.h">
      <Filter>Bullet\Behaviors</Filter>
    </ClInclude>
    <ClInclude Include="BulletCommand.h">
      <Filter>Bullet\BulletCommand</Filter>
    </ClInclude>
    <ClInclude Include="OmniShotCommand.h">
      <Filter>Bullet\BulletCommand</Filter>
    </ClInclude>
    <ClInclude Include="OmniSpiralCommand.h">
      <Filter>Bullet\BulletCommand</Filter>
    </ClInclude>
    <ClInclude Include="CommandFactory.h">
      <Filter>Bullet\BulletCommand</Filter>
    </ClInclude>
    <ClInclude Include="ComplexTransform.h">
      <Filter>ヘッダー ファイル</Filter>
    </ClInclude>
    <ClInclude Include="CalcUtils.h">
      <Filter>Utilities</Filter>
    </ClInclude>
    <ClInclude Include="ExprEval.h">
      <Filter>Utilities</Filter>
    </ClInclude>
    <ClInclude Include="ConvertUtils.h">
      <Filter>Utilities</Filter>
    </ClInclude>
    <ClInclude Include="Gui.h">
      <Filter>ヘッダー ファイル</Filter>
    </ClInclude>
    <ClInclude Include="PlayerStatus.h">
      <Filter>ヘッダー ファイル\Struct</Filter>
    </ClInclude>
    <ClInclude Include="eItemName.h">
      <Filter>ヘッダー ファイル\Enum</Filter>
    </ClInclude>
    <ClInclude Include="ItemPattern.h">
      <Filter>ヘッダー ファイル\Struct</Filter>
    </ClInclude>
    <ClInclude Include="ItemVariant.h">
      <Filter>ヘッダー ファイル\Data</Filter>
    </ClInclude>
    <ClInclude Include="AbstractItem.h">
      <Filter>ヘッダー ファイル\GameObject\Abstract</Filter>
    </ClInclude>
    <ClInclude Include="ItemContext.h">
      <Filter>ヘッダー ファイル\Data</Filter>
    </ClInclude>
    <ClInclude Include="ItemMgr.h">
      <Filter>ヘッダー ファイル\Manager</Filter>
    </ClInclude>
    <ClInclude Include="eCollisionEvent.h">
      <Filter>ヘッダー ファイル\Enum</Filter>
    </ClInclude>
    <ClInclude Include="CollisitonEvent.h">
      <Filter>ヘッダー ファイル\Struct</Filter>
    </ClInclude>
    <ClInclude Include="BombItem.h">
      <Filter>ヘッダー ファイル\GameObject</Filter>
    </ClInclude>
    <ClInclude Include="PowerItem.h">
      <Filter>ヘッダー ファイル\GameObject</Filter>
    </ClInclude>
    <ClInclude Include="ScoreItem.h">
      <Filter>ヘッダー ファイル\GameObject</Filter>
    </ClInclude>
    <ClInclude Include="ScoreItemToPlayer.h">
      <Filter>ヘッダー ファイル\GameObject</Filter>
    </ClInclude>
    <ClInclude Include="AbstractStageScene.h">
      <Filter>ヘッダー ファイル\Scene</Filter>
    </ClInclude>
    <ClInclude Include="DialogueScriptLoader.h">
      <Filter>ヘッダー ファイル</Filter>
    </ClInclude>
  </ItemGroup>
  <ItemGroup>
    <Text Include="memo.txt" />
  </ItemGroup>
  <ItemGroup>
    <None Include="Stage1Script.json">
      <Filter>JSON</Filter>
    </None>
    <None Include="resources.json">
      <Filter>JSON</Filter>
    </None>
    <None Include="Stage1Command.json">
      <Filter>JSON</Filter>
    </None>
    <None Include="Stage1SpellCommand.json">
      <Filter>JSON</Filter>
    </None>
    <None Include="Stage1SpellScript.json">
      <Filter>JSON</Filter>
    </None>
  </ItemGroup>
</Project>